
Microsoft Visual Studio Solution File, Format Version 12.00
# Visual Studio Version 16
VisualStudioVersion = 16.0.31205.134
MinimumVisualStudioVersion = 10.0.40219.1
Project("{FAE04EC0-301F-11D3-BF4B-00C04F79EFBC}") = "Chantier2", "Chantier2.csproj", "{24E1C98A-B267-411D-A4B4-5B18BAF9683B}"
EndProject
Global
	GlobalSection(SolutionConfigurationPlatforms) = preSolution
		Debug|Any CPU = Debug|Any CPU
		Release|Any CPU = Release|Any CPU
	EndGlobalSection
	GlobalSection(ProjectConfigurationPlatforms) = postSolution
		{24E1C98A-B267-411D-A4B4-5B18BAF9683B}.Debug|Any CPU.ActiveCfg = Debug|Any CPU
		{24E1C98A-B267-411D-A4B4-5B18BAF9683B}.Debug|Any CPU.Build.0 = Debug|Any CPU
		{24E1C98A-B267-411D-A4B4-5B18BAF9683B}.Release|Any CPU.ActiveCfg = Release|Any CPU
		{24E1C98A-B267-411D-A4B4-5B18BAF9683B}.Release|Any CPU.Build.0 = Release|Any CPU
	EndGlobalSection
	GlobalSection(SolutionProperties) = preSolution
		HideSolutionNode = FALSE
	EndGlobalSection
	GlobalSection(ExtensibilityGlobals) = postSolution
		SolutionGuid = {1ED6667D-97B1-4140-A47D-1BDEFBCF641C}
	EndGlobalSection
EndGlobal
